PODS:
  - cloud_firestore (4.15.8):
    - Firebase/Firestore (= 10.22.0)
    - firebase_core
    - Flutter
    - nanopb (< 2.30910.0, >= 2.30908.0)
  - connectivity_plus (0.0.1):
    - Flutter
    - ReachabilitySwift
  - cryptography_flutter (0.2.0):
    - Flutter
  - DKImagePickerController/Core (4.3.4):
    - DKImagePickerController/ImageDataManager
    - DKImagePickerController/Resource
  - DKImagePickerController/ImageDataManager (4.3.4)
  - DKImagePickerController/PhotoGallery (4.3.4):
    - DKImagePickerController/Core
    - DKPhotoGallery
  - DKImagePickerController/Resource (4.3.4)
  - DKPhotoGallery (0.0.17):
    - DKPhotoGallery/Core (= 0.0.17)
    - DKPhotoGallery/Model (= 0.0.17)
    - DKPhotoGallery/Preview (= 0.0.17)
    - DKPhotoGallery/Resource (= 0.0.17)
    - SDWebImage
    - SwiftyGif
  - DKPhotoGallery/Core (0.0.17):
    - DKPhotoGallery/Model
    - DKPhotoGallery/Preview
    - SDWebImage
    - SwiftyGif
  - DKPhotoGallery/Model (0.0.17):
    - SDWebImage
    - SwiftyGif
  - DKPhotoGallery/Preview (0.0.17):
    - DKPhotoGallery/Model
    - DKPhotoGallery/Resource
    - SDWebImage
    - SwiftyGif
  - DKPhotoGallery/Resource (0.0.17):
    - SDWebImage
    - SwiftyGif
  - file_picker (0.0.1):
    - DKImagePickerController/PhotoGallery
    - Flutter
  - Firebase/CoreOnly (10.22.0):
    - FirebaseCore (= 10.22.0)
  - Firebase/Firestore (10.22.0):
    - Firebase/CoreOnly
    - FirebaseFirestore (~> 10.22.0)
  - firebase_core (2.27.0):
    - Firebase/CoreOnly (= 10.22.0)
    - Flutter
  - FirebaseCore (10.22.0):
    - FirebaseCoreInternal (~> 10.0)
    - GoogleUtilities/Environment (~> 7.12)
    - GoogleUtilities/Logger (~> 7.12)
  - FirebaseCoreExtension (10.22.0):
    - FirebaseCore (~> 10.0)
  - FirebaseCoreInternal (10.22.0):
    - "GoogleUtilities/NSData+zlib (~> 7.8)"
  - FirebaseFirestore (10.22.0):
    - FirebaseFirestoreBinary (= 10.22.0)
  - FirebaseFirestoreAbseilBinary (1.2022062300.0)
  - FirebaseFirestoreBinary (10.22.0):
    - FirebaseCore (= 10.22.0)
    - FirebaseCoreExtension (= 10.22.0)
    - FirebaseFirestoreInternalBinary (= 10.22.0)
    - FirebaseSharedSwift (= 10.22.0)
  - FirebaseFirestoreGRPCBoringSSLBinary (1.49.1)
  - FirebaseFirestoreGRPCCoreBinary (1.49.1):
    - FirebaseFirestoreAbseilBinary (= 1.2022062300.0)
    - FirebaseFirestoreGRPCBoringSSLBinary (= 1.49.1)
  - FirebaseFirestoreGRPCCPPBinary (1.49.1):
    - FirebaseFirestoreAbseilBinary (= 1.2022062300.0)
    - FirebaseFirestoreGRPCCoreBinary (= 1.49.1)
  - FirebaseFirestoreInternalBinary (10.22.0):
    - FirebaseCore (= 10.22.0)
    - FirebaseFirestoreAbseilBinary (= 1.2022062300.0)
    - FirebaseFirestoreGRPCCPPBinary (= 1.49.1)
    - leveldb-library (~> 1.22)
    - nanopb (< 2.30911.0, >= 2.30908.0)
  - FirebaseSharedSwift (10.22.0)
  - Flutter (1.0.0)
  - flutter_inappwebview_ios (0.0.1):
    - Flutter
    - flutter_inappwebview_ios/Core (= 0.0.1)
    - OrderedSet (~> 5.0)
  - flutter_inappwebview_ios/Core (0.0.1):
    - Flutter
    - OrderedSet (~> 5.0)
  - flutter_keyboard_visibility (0.0.1):
    - Flutter
  - flutter_local_notifications (0.0.1):
    - Flutter
  - flutter_native_splash (0.0.1):
    - Flutter
  - flutter_native_timezone (0.0.1):
    - Flutter
  - flutter_pdfview (1.0.2):
    - Flutter
  - gallery_saver (0.0.1):
    - Flutter
  - GoogleUtilities/Environment (7.13.0):
    - GoogleUtilities/Privacy
    - PromisesObjC (< 3.0, >= 1.2)
  - GoogleUtilities/Logger (7.13.0):
    - GoogleUtilities/Environment
    - GoogleUtilities/Privacy
  - "GoogleUtilities/NSData+zlib (7.13.0)":
    - GoogleUtilities/Privacy
  - GoogleUtilities/Privacy (7.13.0)
  - leveldb-library (1.22.4)
  - local_auth_ios (0.0.1):
    - Flutter
  - MTBBarcodeScanner (5.0.11)
  - nanopb (2.30909.1):
    - nanopb/decode (= 2.30909.1)
    - nanopb/encode (= 2.30909.1)
  - nanopb/decode (2.30909.1)
  - nanopb/encode (2.30909.1)
  - onesignal_flutter (3.5.2):
    - Flutter
    - OneSignalXCFramework (= 3.12.7)
  - OneSignalXCFramework (3.12.7):
    - OneSignalXCFramework/OneSignalCore (= 3.12.7)
    - OneSignalXCFramework/OneSignalExtension (= 3.12.7)
    - OneSignalXCFramework/OneSignalOutcomes (= 3.12.7)
  - OneSignalXCFramework/OneSignalCore (3.12.7)
  - OneSignalXCFramework/OneSignalExtension (3.12.7):
    - OneSignalXCFramework/OneSignalCore
    - OneSignalXCFramework/OneSignalOutcomes
  - OneSignalXCFramework/OneSignalOutcomes (3.12.7):
    - OneSignalXCFramework/OneSignalCore
  - OrderedSet (5.0.0)
  - path_provider_foundation (0.0.1):
    - Flutter
    - FlutterMacOS
  - path_provider_ios (0.0.1):
    - Flutter
  - PromisesObjC (2.4.0)
  - qr_code_scanner (0.2.0):
    - Flutter
    - MTBBarcodeScanner
  - ReachabilitySwift (5.0.0)
  - SDWebImage (5.19.0):
    - SDWebImage/Core (= 5.19.0)
  - SDWebImage/Core (5.19.0)
  - shared_preferences_foundation (0.0.1):
    - Flutter
    - FlutterMacOS
  - sqflite (0.0.3):
    - Flutter
    - FlutterMacOS
  - status_bar_control (3.2.1):
    - Flutter
  - SwiftyGif (5.4.4)
  - url_launcher_ios (0.0.1):
    - Flutter
  - video_player_avfoundation (0.0.1):
    - Flutter
    - FlutterMacOS
  - webview_flutter_wkwebview (0.0.1):
    - Flutter

DEPENDENCIES:
  - cloud_firestore (from `.symlinks/plugins/cloud_firestore/ios`)
  - connectivity_plus (from `.symlinks/plugins/connectivity_plus/ios`)
  - cryptography_flutter (from `.symlinks/plugins/cryptography_flutter/ios`)
  - file_picker (from `.symlinks/plugins/file_picker/ios`)
  - firebase_core (from `.symlinks/plugins/firebase_core/ios`)
  - FirebaseFirestore (from `https://github.com/invertase/firestore-ios-sdk-frameworks.git`, tag `10.22.0`)
  - Flutter (from `Flutter`)
  - flutter_inappwebview_ios (from `.symlinks/plugins/flutter_inappwebview_ios/ios`)
  - flutter_keyboard_visibility (from `.symlinks/plugins/flutter_keyboard_visibility/ios`)
  - flutter_local_notifications (from `.symlinks/plugins/flutter_local_notifications/ios`)
  - flutter_native_splash (from `.symlinks/plugins/flutter_native_splash/ios`)
  - flutter_native_timezone (from `.symlinks/plugins/flutter_native_timezone/ios`)
  - flutter_pdfview (from `.symlinks/plugins/flutter_pdfview/ios`)
  - gallery_saver (from `.symlinks/plugins/gallery_saver/ios`)
  - local_auth_ios (from `.symlinks/plugins/local_auth_ios/ios`)
  - onesignal_flutter (from `.symlinks/plugins/onesignal_flutter/ios`)
  - OneSignalXCFramework (< 4.0, >= 3.4.3)
  - path_provider_foundation (from `.symlinks/plugins/path_provider_foundation/darwin`)
  - path_provider_ios (from `.symlinks/plugins/path_provider_ios/ios`)
  - qr_code_scanner (from `.symlinks/plugins/qr_code_scanner/ios`)
  - shared_preferences_foundation (from `.symlinks/plugins/shared_preferences_foundation/darwin`)
  - sqflite (from `.symlinks/plugins/sqflite/darwin`)
  - status_bar_control (from `.symlinks/plugins/status_bar_control/ios`)
  - url_launcher_ios (from `.symlinks/plugins/url_launcher_ios/ios`)
  - video_player_avfoundation (from `.symlinks/plugins/video_player_avfoundation/darwin`)
  - webview_flutter_wkwebview (from `.symlinks/plugins/webview_flutter_wkwebview/ios`)

SPEC REPOS:
  trunk:
    - DKImagePickerController
    - DKPhotoGallery
    - Firebase
    - FirebaseCore
    - FirebaseCoreExtension
    - FirebaseCoreInternal
    - FirebaseFirestoreAbseilBinary
    - FirebaseFirestoreBinary
    - FirebaseFirestoreGRPCBoringSSLBinary
    - FirebaseFirestoreGRPCCoreBinary
    - FirebaseFirestoreGRPCCPPBinary
    - FirebaseFirestoreInternalBinary
    - FirebaseSharedSwift
    - GoogleUtilities
    - leveldb-library
    - MTBBarcodeScanner
    - nanopb
    - OneSignalXCFramework
    - OrderedSet
    - PromisesObjC
    - ReachabilitySwift
    - SDWebImage
    - SwiftyGif

EXTERNAL SOURCES:
  cloud_firestore:
    :path: ".symlinks/plugins/cloud_firestore/ios"
  connectivity_plus:
    :path: ".symlinks/plugins/connectivity_plus/ios"
  cryptography_flutter:
    :path: ".symlinks/plugins/cryptography_flutter/ios"
  file_picker:
    :path: ".symlinks/plugins/file_picker/ios"
  firebase_core:
    :path: ".symlinks/plugins/firebase_core/ios"
  FirebaseFirestore:
    :git: https://github.com/invertase/firestore-ios-sdk-frameworks.git
    :tag: 10.22.0
  Flutter:
    :path: Flutter
  flutter_inappwebview_ios:
    :path: ".symlinks/plugins/flutter_inappwebview_ios/ios"
  flutter_keyboard_visibility:
    :path: ".symlinks/plugins/flutter_keyboard_visibility/ios"
  flutter_local_notifications:
    :path: ".symlinks/plugins/flutter_local_notifications/ios"
  flutter_native_splash:
    :path: ".symlinks/plugins/flutter_native_splash/ios"
  flutter_native_timezone:
    :path: ".symlinks/plugins/flutter_native_timezone/ios"
  flutter_pdfview:
    :path: ".symlinks/plugins/flutter_pdfview/ios"
  gallery_saver:
    :path: ".symlinks/plugins/gallery_saver/ios"
  local_auth_ios:
    :path: ".symlinks/plugins/local_auth_ios/ios"
  onesignal_flutter:
    :path: ".symlinks/plugins/onesignal_flutter/ios"
  path_provider_foundation:
    :path: ".symlinks/plugins/path_provider_foundation/darwin"
  path_provider_ios:
    :path: ".symlinks/plugins/path_provider_ios/ios"
  qr_code_scanner:
    :path: ".symlinks/plugins/qr_code_scanner/ios"
  shared_preferences_foundation:
    :path: ".symlinks/plugins/shared_preferences_foundation/darwin"
  sqflite:
    :path: ".symlinks/plugins/sqflite/darwin"
  status_bar_control:
    :path: ".symlinks/plugins/status_bar_control/ios"
  url_launcher_ios:
    :path: ".symlinks/plugins/url_launcher_ios/ios"
  video_player_avfoundation:
    :path: ".symlinks/plugins/video_player_avfoundation/darwin"
  webview_flutter_wkwebview:
    :path: ".symlinks/plugins/webview_flutter_wkwebview/ios"

CHECKOUT OPTIONS:
  FirebaseFirestore:
    :git: https://github.com/invertase/firestore-ios-sdk-frameworks.git
    :tag: 10.22.0

SPEC CHECKSUMS:
  cloud_firestore: 97e80651e196c32554cedcd31858b9615ac8a704
  connectivity_plus: 413a8857dd5d9f1c399a39130850d02fe0feaf7e
  cryptography_flutter: 381bdacc984abcfbe3ca45ef7c76566ff061614c
  DKImagePickerController: b512c28220a2b8ac7419f21c491fc8534b7601ac
  DKPhotoGallery: fdfad5125a9fdda9cc57df834d49df790dbb4179
  file_picker: 817ab1d8cd2da9d2da412a417162deee3500fc95
  Firebase: 797fd7297b7e1be954432743a0b3f90038e45a71
  firebase_core: 100945864b4aedce3cfef0c62ab864858bf013cf
  FirebaseCore: 0326ec9b05fbed8f8716cddbf0e36894a13837f7
  FirebaseCoreExtension: 6394c00b887d0bebadbc7049c464aa0cbddc5d41
  FirebaseCoreInternal: bca337352024b18424a61e478460547d46c4c753
  FirebaseFirestore: 6a8bd88aedb9def0411f53e03b564278685fed93
  FirebaseFirestoreAbseilBinary: fc2004a2da6b5978e974ca49c2e463f5e542a78f
  FirebaseFirestoreBinary: c59e4adb329348a5a2479614f718c5b4f7429d5b
  FirebaseFirestoreGRPCBoringSSLBinary: 85a615c0b7e97173d6af581c9879baac663d9743
  FirebaseFirestoreGRPCCoreBinary: bf6ed68cea8ad7b24ba091b53374e91a5211a91f
  FirebaseFirestoreGRPCCPPBinary: cff111ba3ae5bea45a6562e8bd8750d4a7e2ebc6
  FirebaseFirestoreInternalBinary: 5f38434cc9b36a6897a616a14e85d00c890c5634
  FirebaseSharedSwift: 48076404e6e52372290d15a07d2ed1d2f1754023
  Flutter: f04841e97a9d0b0a8025694d0796dd46242b2854
  flutter_inappwebview_ios: 97215cf7d4677db55df76782dbd2930c5e1c1ea0
  flutter_keyboard_visibility: 0339d06371254c3eb25eeb90ba8d17dca8f9c069
  flutter_local_notifications: 0c0b1ae97e741e1521e4c1629a459d04b9aec743
  flutter_native_splash: 52501b97d1c0a5f898d687f1646226c1f93c56ef
  flutter_native_timezone: 5f05b2de06c9776b4cc70e1839f03de178394d22
  flutter_pdfview: 25f53dd6097661e6395b17de506e6060585946bd
  gallery_saver: 9fc173c9f4fcc48af53b2a9ebea1b643255be542
  GoogleUtilities: d053d902a8edaa9904e1bd00c37535385b8ed152
  leveldb-library: 06a69cc7582d64b29424a63e085e683cc188230a
  local_auth_ios: 1ba1475238daa33a6ffa2a29242558437be435ac
  MTBBarcodeScanner: f453b33c4b7dfe545d8c6484ed744d55671788cb
  nanopb: d4d75c12cd1316f4a64e3c6963f879ecd4b5e0d5
  onesignal_flutter: 86b451a4f1d81cdc7a6f131d7b5bc2e44ae15227
  OneSignalXCFramework: 0fca311799488cb50419c0b96594aa8df4300115
  OrderedSet: aaeb196f7fef5a9edf55d89760da9176ad40b93c
  path_provider_foundation: 3784922295ac71e43754bd15e0653ccfd36a147c
  path_provider_ios: 14f3d2fd28c4fdb42f44e0f751d12861c43cee02
  PromisesObjC: f5707f49cb48b9636751c5b2e7d227e43fba9f47
  qr_code_scanner: bb67d64904c3b9658ada8c402e8b4d406d5d796e
  ReachabilitySwift: 985039c6f7b23a1da463388634119492ff86c825
  SDWebImage: 981fd7e860af070920f249fd092420006014c3eb
  shared_preferences_foundation: b4c3b4cddf1c21f02770737f147a3f5da9d39695
  sqflite: 673a0e54cc04b7d6dba8d24fb8095b31c3a99eec
  status_bar_control: 7c84146799e6a076315cc1550f78ef53aae3e446
  SwiftyGif: 93a1cc87bf3a51916001cf8f3d63835fb64c819f
  url_launcher_ios: bbd758c6e7f9fd7b5b1d4cde34d2b95fcce5e812
  video_player_avfoundation: 02011213dab73ae3687df27ce441fbbcc82b5579
  webview_flutter_wkwebview: 4f3e50f7273d31e5500066ed267e3ae4309c5ae4

PODFILE CHECKSUM: 81786de88aa4e454e054e068c5ce94a8b14c8315

COCOAPODS: 1.14.3
